{
  "name": "@snip36/prover-web",
  "version": "0.1.0",
  "lockfileVersion": 3,
  "requires": true,
  "packages": {
    "": {
      "name": "@snip36/prover-web",
      "version": "0.1.0",
      "dependencies": {
        "brotli-wasm": "^3.0.1",
        "snip36-browser-prover-wasm": "file:../crates/snip36-browser-prover-wasm/pkg",
        "snip36-wasm": "file:../crates/snip36-wasm/pkg",
        "starknet-transaction-prover-wasm": "file:../deps/sequencer/crates/starknet_transaction_prover_wasm/pkg"
      },
      "devDependencies": {
        "typescript": "^5.6.3"
      }
    },
    "../../crates/snip36-browser-prover-wasm/pkg": {
      "name": "snip36-browser-prover-wasm",
      "version": "0.1.0",
      "extraneous": true
    },
    "../../crates/snip36-wasm/pkg": {
      "name": "snip36-wasm",
      "version": "0.1.0",
      "extraneous": true,
      "license": "MIT OR Apache-2.0"
    },
    "../../deps/sequencer/crates/starknet_transaction_prover_wasm/pkg": {
      "name": "starknet_transaction_prover_wasm",
      "version": "0.18.0-dev.2",
      "extraneous": true,
      "license": "Apache-2.0"
    },
    "../crates/snip36-browser-prover-wasm/pkg": {},
    "../crates/snip36-wasm/pkg": {
      "name": "snip36-wasm",
      "version": "0.1.0",
      "license": "MIT OR Apache-2.0"
    },
    "../deps/sequencer/crates/starknet_transaction_prover_wasm/pkg": {
      "name": "starknet_transaction_prover_wasm",
      "version": "0.18.0-dev.2",
      "license": "Apache-2.0"
    },
    "crates/snip36-browser-prover-wasm/pkg": {
      "extraneous": true
    },
    "crates/snip36-wasm/pkg": {
      "name": "snip36-wasm",
      "version": "0.1.0",
      "extraneous": true,
      "license": "MIT OR Apache-2.0"
    },
    "deps/sequencer/crates/starknet_transaction_prover_wasm/pkg": {
      "name": "starknet_transaction_prover_wasm",
      "version": "0.18.0-dev.2",
      "extraneous": true,
      "license": "Apache-2.0"
    },
    "node_modules/brotli-wasm": {
      "version": "3.0.1",
      "resolved": "https://registry.npmjs.org/brotli-wasm/-/brotli-wasm-3.0.1.tgz",
      "integrity": "sha512-U3K72/JAi3jITpdhZBqzSUq+DUY697tLxOuFXB+FpAE/Ug+5C3VZrv4uA674EUZHxNAuQ9wETXNqQkxZD6oL4A==",
      "license": "Apache-2.0",
      "engines": {
        "node": ">=v18.0.0"
      }
    },
    "node_modules/snip36-browser-prover-wasm": {
      "resolved": "../crates/snip36-browser-prover-wasm/pkg",
      "link": true
    },
    "node_modules/snip36-wasm": {
      "resolved": "../crates/snip36-wasm/pkg",
      "link": true
    },
    "node_modules/starknet-transaction-prover-wasm": {
      "resolved": "../deps/sequencer/crates/starknet_transaction_prover_wasm/pkg",
      "link": true
    },
    "node_modules/typescript": {
      "version": "5.9.3",
      "resolved": "https://registry.npmjs.org/typescript/-/typescript-5.9.3.tgz",
      "integrity": "sha512-jl1vZzPDinLr9eUt3J/t7V6FgNEw9QjvBPdysz9KfQDD41fQrC2Y4vKQdiaUpFT4bXlb1RHhLpp8wtm6M5TgSw==",
      "dev": true,
      "license": "Apache-2.0",
      "bin": {
        "tsc": "bin/tsc",
        "tsserver": "bin/tsserver"
      },
      "engines": {
        "node": ">=14.17"
      }
    }
  }
}
